// !$*UTF8*$!
{
	archiveVersion = 1;
	classes = {
	};
	objectVersion = 50;
	objects = {

/* Begin PBXBuildFile section */
		9F01A40A246446C9003A0D44 /* maxArea.cpp in Sources */ = {isa = PBXBuildFile; fileRef = 9F01A409246446C9003A0D44 /* maxArea.cpp */; };
		9F01A40C246448FD003A0D44 /* sumof4.cpp in Sources */ = {isa = PBXBuildFile; fileRef = 9F01A40B246448FD003A0D44 /* sumof4.cpp */; };
		9F028051245D10B800B0EAF5 /* convertZ.cpp in Sources */ = {isa = PBXBuildFile; fileRef = 9F028050245D10B800B0EAF5 /* convertZ.cpp */; };
		9F028053245D191E00B0EAF5 /* reverseInt.cpp in Sources */ = {isa = PBXBuildFile; fileRef = 9F028052245D191E00B0EAF5 /* reverseInt.cpp */; };
		9F028055245D1E4F00B0EAF5 /* myAtoi.cpp in Sources */ = {isa = PBXBuildFile; fileRef = 9F028054245D1E4F00B0EAF5 /* myAtoi.cpp */; };
		9F028057245D536100B0EAF5 /* regularExpression.cpp in Sources */ = {isa = PBXBuildFile; fileRef = 9F028056245D536100B0EAF5 /* regularExpression.cpp */; };
		9F44D4D0244AADF7008A2DAF /* reArrangeLinkedList.cpp in Sources */ = {isa = PBXBuildFile; fileRef = 9F44D4CD244AADF6008A2DAF /* reArrangeLinkedList.cpp */; };
		9F44D4D1244AADF7008A2DAF /* encryption.cpp in Sources */ = {isa = PBXBuildFile; fileRef = 9F44D4CE244AADF6008A2DAF /* encryption.cpp */; };
		9F44D4D2244AADF7008A2DAF /* mergeLinkedList.cpp in Sources */ = {isa = PBXBuildFile; fileRef = 9F44D4CF244AADF6008A2DAF /* mergeLinkedList.cpp */; };
		9F61FF482438CC2100FF3151 /* ispalindrome.cpp in Sources */ = {isa = PBXBuildFile; fileRef = 9F61FF472438CC2100FF3151 /* ispalindrome.cpp */; };
		9F61FF502438D10300FF3151 /* sumof2.cpp in Sources */ = {isa = PBXBuildFile; fileRef = 9F61FF4E2438D10300FF3151 /* sumof2.cpp */; };
		9F75FD6D243DF2BD004AC82D /* MovementRangeofRobot.cpp in Sources */ = {isa = PBXBuildFile; fileRef = 9F75FD6C243DF2BD004AC82D /* MovementRangeofRobot.cpp */; };
		9F75FD6F243E02F6004AC82D /* longestPalindrome.cpp in Sources */ = {isa = PBXBuildFile; fileRef = 9F75FD6E243E02F6004AC82D /* longestPalindrome.cpp */; };
		9F7DC2672455833F00FD794E /* mergeKLists.cpp in Sources */ = {isa = PBXBuildFile; fileRef = 9F7DC2662455833F00FD794E /* mergeKLists.cpp */; };
		9F8D4209243B85E200571408 /* longestnorepeat.cpp in Sources */ = {isa = PBXBuildFile; fileRef = 9F8D4208243B85E200571408 /* longestnorepeat.cpp */; };
		9FA44637245E8C80001797E2 /* maxSubArray.cpp in Sources */ = {isa = PBXBuildFile; fileRef = 9FA44636245E8C80001797E2 /* maxSubArray.cpp */; };
		9FA49B60245BFC1400084243 /* mergeTwoLists.cpp in Sources */ = {isa = PBXBuildFile; fileRef = 9FA49B5F245BFC1400084243 /* mergeTwoLists.cpp */; };
		9FA49B62245C631300084243 /* findMedianSortedArrays.cpp in Sources */ = {isa = PBXBuildFile; fileRef = 9FA49B61245C631300084243 /* findMedianSortedArrays.cpp */; };
		9FB24B9D243CB1D70060AB80 /* maxrectangle.cpp in Sources */ = {isa = PBXBuildFile; fileRef = 9FB24B9C243CB1D70060AB80 /* maxrectangle.cpp */; };
		9FB24B9F243CBBA90060AB80 /* permutation.cpp in Sources */ = {isa = PBXBuildFile; fileRef = 9FB24B9E243CBBA90060AB80 /* permutation.cpp */; };
		9FB25B152441E5AB0059F248 /* superEggDrop.cpp in Sources */ = {isa = PBXBuildFile; fileRef = 9FB25B142441E5AB0059F248 /* superEggDrop.cpp */; };
		9FCF0042244095F400BB4F48 /* reverseWords.cpp in Sources */ = {isa = PBXBuildFile; fileRef = 9FCF0041244095F400BB4F48 /* reverseWords.cpp */; };
		9FCF00442440A8AF00BB4F48 /* shortestPalindrome.cpp in Sources */ = {isa = PBXBuildFile; fileRef = 9FCF00432440A8AF00BB4F48 /* shortestPalindrome.cpp */; };
		9FDB6F3B244881F900BD6D4E /* doubleLink.cpp in Sources */ = {isa = PBXBuildFile; fileRef = 9FDB6F3A244881F900BD6D4E /* doubleLink.cpp */; };
		9FDB6F3D2448821300BD6D4E /* matrixMultiplication.cpp in Sources */ = {isa = PBXBuildFile; fileRef = 9FDB6F3C2448821200BD6D4E /* matrixMultiplication.cpp */; };
		9FDB6F3F24494EC100BD6D4E /* test.cpp in Sources */ = {isa = PBXBuildFile; fileRef = 9FDB6F3E24494EC100BD6D4E /* test.cpp */; };
		9FE93ECD24404649008A8BFF /* removeElements.cpp in Sources */ = {isa = PBXBuildFile; fileRef = 9FE93ECC24404649008A8BFF /* removeElements.cpp */; };
		9FE93ECF24404921008A8BFF /* sumof3.cpp in Sources */ = {isa = PBXBuildFile; fileRef = 9FE93ECE24404921008A8BFF /* sumof3.cpp */; };
		9FFAFD0B243F128400242D01 /* validbrackets.cpp in Sources */ = {isa = PBXBuildFile; fileRef = 9FFAFD0A243F128400242D01 /* validbrackets.cpp */; };
		9FFAFD0D243F168200242D01 /* generateParenthesis.cpp in Sources */ = {isa = PBXBuildFile; fileRef = 9FFAFD0C243F168200242D01 /* generateParenthesis.cpp */; };
/* End PBXBuildFile section */

/* Begin PBXCopyFilesBuildPhase section */
		9F61FF422438CC2100FF3151 /* CopyFiles */ = {
			isa = PBXCopyFilesBuildPhase;
			buildActionMask = 2147483647;
			dstPath = /usr/share/man/man1/;
			dstSubfolderSpec = 0;
			files = (
			);
			runOnlyForDeploymentPostprocessing = 1;
		};
/* End PBXCopyFilesBuildPhase section */

/* Begin PBXFileReference section */
		9F01A409246446C9003A0D44 /* maxArea.cpp */ = {isa = PBXFileReference; lastKnownFileType = sourcecode.cpp.cpp; path = maxArea.cpp; sourceTree = "<group>"; };
		9F01A40B246448FD003A0D44 /* sumof4.cpp */ = {isa = PBXFileReference; lastKnownFileType = sourcecode.cpp.cpp; path = sumof4.cpp; sourceTree = "<group>"; };
		9F028050245D10B800B0EAF5 /* convertZ.cpp */ = {isa = PBXFileReference; lastKnownFileType = sourcecode.cpp.cpp; path = convertZ.cpp; sourceTree = "<group>"; };
		9F028052245D191E00B0EAF5 /* reverseInt.cpp */ = {isa = PBXFileReference; lastKnownFileType = sourcecode.cpp.cpp; path = reverseInt.cpp; sourceTree = "<group>"; };
		9F028054245D1E4F00B0EAF5 /* myAtoi.cpp */ = {isa = PBXFileReference; lastKnownFileType = sourcecode.cpp.cpp; path = myAtoi.cpp; sourceTree = "<group>"; };
		9F028056245D536100B0EAF5 /* regularExpression.cpp */ = {isa = PBXFileReference; lastKnownFileType = sourcecode.cpp.cpp; path = regularExpression.cpp; sourceTree = "<group>"; };
		9F44D4CD244AADF6008A2DAF /* reArrangeLinkedList.cpp */ = {isa = PBXFileReference; fileEncoding = 4; lastKnownFileType = sourcecode.cpp.cpp; path = reArrangeLinkedList.cpp; sourceTree = "<group>"; };
		9F44D4CE244AADF6008A2DAF /* encryption.cpp */ = {isa = PBXFileReference; fileEncoding = 4; lastKnownFileType = sourcecode.cpp.cpp; path = encryption.cpp; sourceTree = "<group>"; };
		9F44D4CF244AADF6008A2DAF /* mergeLinkedList.cpp */ = {isa = PBXFileReference; fileEncoding = 4; lastKnownFileType = sourcecode.cpp.cpp; path = mergeLinkedList.cpp; sourceTree = "<group>"; };
		9F61FF442438CC2100FF3151 /* CodePrac */ = {isa = PBXFileReference; explicitFileType = "compiled.mach-o.executable"; includeInIndex = 0; path = CodePrac; sourceTree = BUILT_PRODUCTS_DIR; };
		9F61FF472438CC2100FF3151 /* ispalindrome.cpp */ = {isa = PBXFileReference; lastKnownFileType = sourcecode.cpp.cpp; path = ispalindrome.cpp; sourceTree = "<group>"; };
		9F61FF4E2438D10300FF3151 /* sumof2.cpp */ = {isa = PBXFileReference; lastKnownFileType = sourcecode.cpp.cpp; path = sumof2.cpp; sourceTree = "<group>"; };
		9F75FD6C243DF2BD004AC82D /* MovementRangeofRobot.cpp */ = {isa = PBXFileReference; lastKnownFileType = sourcecode.cpp.cpp; path = MovementRangeofRobot.cpp; sourceTree = "<group>"; };
		9F75FD6E243E02F6004AC82D /* longestPalindrome.cpp */ = {isa = PBXFileReference; lastKnownFileType = sourcecode.cpp.cpp; path = longestPalindrome.cpp; sourceTree = "<group>"; };
		9F7DC2662455833F00FD794E /* mergeKLists.cpp */ = {isa = PBXFileReference; lastKnownFileType = sourcecode.cpp.cpp; path = mergeKLists.cpp; sourceTree = "<group>"; };
		9F8D4208243B85E200571408 /* longestnorepeat.cpp */ = {isa = PBXFileReference; lastKnownFileType = sourcecode.cpp.cpp; path = longestnorepeat.cpp; sourceTree = "<group>"; };
		9FA44636245E8C80001797E2 /* maxSubArray.cpp */ = {isa = PBXFileReference; lastKnownFileType = sourcecode.cpp.cpp; path = maxSubArray.cpp; sourceTree = "<group>"; };
		9FA49B5F245BFC1400084243 /* mergeTwoLists.cpp */ = {isa = PBXFileReference; lastKnownFileType = sourcecode.cpp.cpp; path = mergeTwoLists.cpp; sourceTree = "<group>"; };
		9FA49B61245C631300084243 /* findMedianSortedArrays.cpp */ = {isa = PBXFileReference; lastKnownFileType = sourcecode.cpp.cpp; path = findMedianSortedArrays.cpp; sourceTree = "<group>"; };
		9FB24B9C243CB1D70060AB80 /* maxrectangle.cpp */ = {isa = PBXFileReference; lastKnownFileType = sourcecode.cpp.cpp; path = maxrectangle.cpp; sourceTree = "<group>"; };
		9FB24B9E243CBBA90060AB80 /* permutation.cpp */ = {isa = PBXFileReference; lastKnownFileType = sourcecode.cpp.cpp; path = permutation.cpp; sourceTree = "<group>"; };
		9FB25B142441E5AB0059F248 /* superEggDrop.cpp */ = {isa = PBXFileReference; lastKnownFileType = sourcecode.cpp.cpp; path = superEggDrop.cpp; sourceTree = "<group>"; };
		9FCF0041244095F400BB4F48 /* reverseWords.cpp */ = {isa = PBXFileReference; lastKnownFileType = sourcecode.cpp.cpp; path = reverseWords.cpp; sourceTree = "<group>"; };
		9FCF00432440A8AF00BB4F48 /* shortestPalindrome.cpp */ = {isa = PBXFileReference; lastKnownFileType = sourcecode.cpp.cpp; path = shortestPalindrome.cpp; sourceTree = "<group>"; };
		9FDB6F3A244881F900BD6D4E /* doubleLink.cpp */ = {isa = PBXFileReference; fileEncoding = 4; lastKnownFileType = sourcecode.cpp.cpp; path = doubleLink.cpp; sourceTree = "<group>"; };
		9FDB6F3C2448821200BD6D4E /* matrixMultiplication.cpp */ = {isa = PBXFileReference; fileEncoding = 4; lastKnownFileType = sourcecode.cpp.cpp; path = matrixMultiplication.cpp; sourceTree = "<group>"; };
		9FDB6F3E24494EC100BD6D4E /* test.cpp */ = {isa = PBXFileReference; lastKnownFileType = sourcecode.cpp.cpp; path = test.cpp; sourceTree = "<group>"; };
		9FE93ECC24404649008A8BFF /* removeElements.cpp */ = {isa = PBXFileReference; lastKnownFileType = sourcecode.cpp.cpp; path = removeElements.cpp; sourceTree = "<group>"; };
		9FE93ECE24404921008A8BFF /* sumof3.cpp */ = {isa = PBXFileReference; lastKnownFileType = sourcecode.cpp.cpp; path = sumof3.cpp; sourceTree = "<group>"; };
		9FFAFD0A243F128400242D01 /* validbrackets.cpp */ = {isa = PBXFileReference; lastKnownFileType = sourcecode.cpp.cpp; path = validbrackets.cpp; sourceTree = "<group>"; };
		9FFAFD0C243F168200242D01 /* generateParenthesis.cpp */ = {isa = PBXFileReference; lastKnownFileType = sourcecode.cpp.cpp; path = generateParenthesis.cpp; sourceTree = "<group>"; };
/* End PBXFileReference section */

/* Begin PBXFrameworksBuildPhase section */
		9F61FF412438CC2100FF3151 /* Frameworks */ = {
			isa = PBXFrameworksBuildPhase;
			buildActionMask = 2147483647;
			files = (
			);
			runOnlyForDeploymentPostprocessing = 0;
		};
/* End PBXFrameworksBuildPhase section */

/* Begin PBXGroup section */
		9F61FF3B2438CC2100FF3151 = {
			isa = PBXGroup;
			children = (
				9FE0EEE82445867F0043DA8B /* cpphomework */,
				9F61FF462438CC2100FF3151 /* leetcodeprac */,
				9F61FF452438CC2100FF3151 /* Products */,
			);
			sourceTree = "<group>";
		};
		9F61FF452438CC2100FF3151 /* Products */ = {
			isa = PBXGroup;
			children = (
				9F61FF442438CC2100FF3151 /* CodePrac */,
			);
			name = Products;
			sourceTree = "<group>";
		};
		9F61FF462438CC2100FF3151 /* leetcodeprac */ = {
			isa = PBXGroup;
			children = (
				9F61FF472438CC2100FF3151 /* ispalindrome.cpp */,
				9F61FF4E2438D10300FF3151 /* sumof2.cpp */,
				9FE93ECE24404921008A8BFF /* sumof3.cpp */,
				9F01A40B246448FD003A0D44 /* sumof4.cpp */,
				9F8D4208243B85E200571408 /* longestnorepeat.cpp */,
				9FB24B9C243CB1D70060AB80 /* maxrectangle.cpp */,
				9FB24B9E243CBBA90060AB80 /* permutation.cpp */,
				9F75FD6C243DF2BD004AC82D /* MovementRangeofRobot.cpp */,
				9F75FD6E243E02F6004AC82D /* longestPalindrome.cpp */,
				9FFAFD0A243F128400242D01 /* validbrackets.cpp */,
				9FFAFD0C243F168200242D01 /* generateParenthesis.cpp */,
				9FE93ECC24404649008A8BFF /* removeElements.cpp */,
				9FCF0041244095F400BB4F48 /* reverseWords.cpp */,
				9FCF00432440A8AF00BB4F48 /* shortestPalindrome.cpp */,
				9FB25B142441E5AB0059F248 /* superEggDrop.cpp */,
				9FA49B5F245BFC1400084243 /* mergeTwoLists.cpp */,
				9F7DC2662455833F00FD794E /* mergeKLists.cpp */,
				9FA49B61245C631300084243 /* findMedianSortedArrays.cpp */,
				9F028050245D10B800B0EAF5 /* convertZ.cpp */,
				9F028052245D191E00B0EAF5 /* reverseInt.cpp */,
				9F028054245D1E4F00B0EAF5 /* myAtoi.cpp */,
				9F028056245D536100B0EAF5 /* regularExpression.cpp */,
				9FA44636245E8C80001797E2 /* maxSubArray.cpp */,
				9F01A409246446C9003A0D44 /* maxArea.cpp */,
			);
			path = leetcodeprac;
			sourceTree = "<group>";
		};
		9FE0EEE82445867F0043DA8B /* cpphomework */ = {
			isa = PBXGroup;
			children = (
				9F44D4CE244AADF6008A2DAF /* encryption.cpp */,
				9F44D4CF244AADF6008A2DAF /* mergeLinkedList.cpp */,
				9F44D4CD244AADF6008A2DAF /* reArrangeLinkedList.cpp */,
				9FDB6F3C2448821200BD6D4E /* matrixMultiplication.cpp */,
				9FDB6F3A244881F900BD6D4E /* doubleLink.cpp */,
				9FDB6F3E24494EC100BD6D4E /* test.cpp */,
			);
			path = cpphomework;
			sourceTree = "<group>";
		};
/* End PBXGroup section */

/* Begin PBXNativeTarget section */
		9F61FF432438CC2100FF3151 /* CodePrac */ = {
			isa = PBXNativeTarget;
			buildConfigurationList = 9F61FF4B2438CC2100FF3151 /* Build configuration list for PBXNativeTarget "CodePrac" */;
			buildPhases = (
				9F61FF402438CC2100FF3151 /* Sources */,
				9F61FF412438CC2100FF3151 /* Frameworks */,
				9F61FF422438CC2100FF3151 /* CopyFiles */,
			);
			buildRules = (
			);
			dependencies = (
			);
			name = CodePrac;
			productName = leetcodeprac;
			productReference = 9F61FF442438CC2100FF3151 /* CodePrac */;
			productType = "com.apple.product-type.tool";
		};
/* End PBXNativeTarget section */

/* Begin PBXProject section */
		9F61FF3C2438CC2100FF3151 /* Project object */ = {
			isa = PBXProject;
			attributes = {
				LastUpgradeCheck = 1140;
				ORGANIZATIONNAME = "程荣鑫";
				TargetAttributes = {
					9F61FF432438CC2100FF3151 = {
						CreatedOnToolsVersion = 11.4;
					};
				};
			};
			buildConfigurationList = 9F61FF3F2438CC2100FF3151 /* Build configuration list for PBXProject "CodePrac" */;
			compatibilityVersion = "Xcode 9.3";
			developmentRegion = en;
			hasScannedForEncodings = 0;
			knownRegions = (
				en,
				Base,
			);
			mainGroup = 9F61FF3B2438CC2100FF3151;
			productRefGroup = 9F61FF452438CC2100FF3151 /* Products */;
			projectDirPath = "";
			projectRoot = "";
			targets = (
				9F61FF432438CC2100FF3151 /* CodePrac */,
			);
		};
/* End PBXProject section */

/* Begin PBXSourcesBuildPhase section */
		9F61FF402438CC2100FF3151 /* Sources */ = {
			isa = PBXSourcesBuildPhase;
			buildActionMask = 2147483647;
			files = (
				9F028051245D10B800B0EAF5 /* convertZ.cpp in Sources */,
				9FCF00442440A8AF00BB4F48 /* shortestPalindrome.cpp in Sources */,
				9F75FD6D243DF2BD004AC82D /* MovementRangeofRobot.cpp in Sources */,
				9F028057245D536100B0EAF5 /* regularExpression.cpp in Sources */,
				9FFAFD0B243F128400242D01 /* validbrackets.cpp in Sources */,
				9FE93ECD24404649008A8BFF /* removeElements.cpp in Sources */,
				9F44D4D0244AADF7008A2DAF /* reArrangeLinkedList.cpp in Sources */,
				9FDB6F3F24494EC100BD6D4E /* test.cpp in Sources */,
				9FB24B9D243CB1D70060AB80 /* maxrectangle.cpp in Sources */,
				9FE93ECF24404921008A8BFF /* sumof3.cpp in Sources */,
				9FDB6F3B244881F900BD6D4E /* doubleLink.cpp in Sources */,
				9F01A40A246446C9003A0D44 /* maxArea.cpp in Sources */,
				9F75FD6F243E02F6004AC82D /* longestPalindrome.cpp in Sources */,
				9F44D4D1244AADF7008A2DAF /* encryption.cpp in Sources */,
				9FA49B62245C631300084243 /* findMedianSortedArrays.cpp in Sources */,
				9F44D4D2244AADF7008A2DAF /* mergeLinkedList.cpp in Sources */,
				9F028053245D191E00B0EAF5 /* reverseInt.cpp in Sources */,
				9FB24B9F243CBBA90060AB80 /* permutation.cpp in Sources */,
				9F028055245D1E4F00B0EAF5 /* myAtoi.cpp in Sources */,
				9F61FF482438CC2100FF3151 /* ispalindrome.cpp in Sources */,
				9FA44637245E8C80001797E2 /* maxSubArray.cpp in Sources */,
				9F7DC2672455833F00FD794E /* mergeKLists.cpp in Sources */,
				9FCF0042244095F400BB4F48 /* reverseWords.cpp in Sources */,
				9F61FF502438D10300FF3151 /* sumof2.cpp in Sources */,
				9FDB6F3D2448821300BD6D4E /* matrixMultiplication.cpp in Sources */,
				9F8D4209243B85E200571408 /* longestnorepeat.cpp in Sources */,
				9FA49B60245BFC1400084243 /* mergeTwoLists.cpp in Sources */,
				9F01A40C246448FD003A0D44 /* sumof4.cpp in Sources */,
				9FB25B152441E5AB0059F248 /* superEggDrop.cpp in Sources */,
				9FFAFD0D243F168200242D01 /* generateParenthesis.cpp in Sources */,
			);
			runOnlyForDeploymentPostprocessing = 0;
		};
/* End PBXSourcesBuildPhase section */

/* Begin XCBuildConfiguration section */
		9F61FF492438CC2100FF3151 /* Debug */ = {
			isa = XCBuildConfiguration;
			buildSettings = {
				ALWAYS_SEARCH_USER_PATHS = NO;
				CLANG_ANALYZER_NONNULL = YES;
				CLANG_ANALYZER_NUMBER_OBJECT_CONVERSION = YES_AGGRESSIVE;
				CLANG_CXX_LANGUAGE_STANDARD = "gnu++14";
				CLANG_CXX_LIBRARY = "libc++";
				CLANG_ENABLE_MODULES = YES;
				CLANG_ENABLE_OBJC_ARC = YES;
				CLANG_ENABLE_OBJC_WEAK = YES;
				CLANG_WARN_BLOCK_CAPTURE_AUTORELEASING = YES;
				CLANG_WARN_BOOL_CONVERSION = YES;
				CLANG_WARN_COMMA = YES;
				CLANG_WARN_CONSTANT_CONVERSION = YES;
				CLANG_WARN_DEPRECATED_OBJC_IMPLEMENTATIONS = YES;
				CLANG_WARN_DIRECT_OBJC_ISA_USAGE = YES_ERROR;
				CLANG_WARN_DOCUMENTATION_COMMENTS = YES;
				CLANG_WARN_EMPTY_BODY = YES;
				CLANG_WARN_ENUM_CONVERSION = YES;
				CLANG_WARN_INFINITE_RECURSION = YES;
				CLANG_WARN_INT_CONVERSION = YES;
				CLANG_WARN_NON_LITERAL_NULL_CONVERSION = YES;
				CLANG_WARN_OBJC_IMPLICIT_RETAIN_SELF = YES;
				CLANG_WARN_OBJC_LITERAL_CONVERSION = YES;
				CLANG_WARN_OBJC_ROOT_CLASS = YES_ERROR;
				CLANG_WARN_RANGE_LOOP_ANALYSIS = YES;
				CLANG_WARN_STRICT_PROTOTYPES = YES;
				CLANG_WARN_SUSPICIOUS_MOVE = YES;
				CLANG_WARN_UNGUARDED_AVAILABILITY = YES_AGGRESSIVE;
				CLANG_WARN_UNREACHABLE_CODE = YES;
				CLANG_WARN__DUPLICATE_METHOD_MATCH = YES;
				COPY_PHASE_STRIP = NO;
				DEBUG_INFORMATION_FORMAT = dwarf;
				ENABLE_STRICT_OBJC_MSGSEND = YES;
				ENABLE_TESTABILITY = YES;
				GCC_C_LANGUAGE_STANDARD = gnu11;
				GCC_DYNAMIC_NO_PIC = NO;
				GCC_NO_COMMON_BLOCKS = YES;
				GCC_OPTIMIZATION_LEVEL = 0;
				GCC_PREPROCESSOR_DEFINITIONS = (
					"DEBUG=1",
					"$(inherited)",
				);
				GCC_WARN_64_TO_32_BIT_CONVERSION = YES;
				GCC_WARN_ABOUT_RETURN_TYPE = YES_ERROR;
				GCC_WARN_UNDECLARED_SELECTOR = YES;
				GCC_WARN_UNINITIALIZED_AUTOS = YES_AGGRESSIVE;
				GCC_WARN_UNUSED_FUNCTION = YES;
				GCC_WARN_UNUSED_VARIABLE = YES;
				MACOSX_DEPLOYMENT_TARGET = 10.15;
				MTL_ENABLE_DEBUG_INFO = INCLUDE_SOURCE;
				MTL_FAST_MATH = YES;
				ONLY_ACTIVE_ARCH = YES;
				SDKROOT = macosx;
			};
			name = Debug;
		};
		9F61FF4A2438CC2100FF3151 /* Release */ = {
			isa = XCBuildConfiguration;
			buildSettings = {
				ALWAYS_SEARCH_USER_PATHS = NO;
				CLANG_ANALYZER_NONNULL = YES;
				CLANG_ANALYZER_NUMBER_OBJECT_CONVERSION = YES_AGGRESSIVE;
				CLANG_CXX_LANGUAGE_STANDARD = "gnu++14";
				CLANG_CXX_LIBRARY = "libc++";
				CLANG_ENABLE_MODULES = YES;
				CLANG_ENABLE_OBJC_ARC = YES;
				CLANG_ENABLE_OBJC_WEAK = YES;
				CLANG_WARN_BLOCK_CAPTURE_AUTORELEASING = YES;
				CLANG_WARN_BOOL_CONVERSION = YES;
				CLANG_WARN_COMMA = YES;
				CLANG_WARN_CONSTANT_CONVERSION = YES;
				CLANG_WARN_DEPRECATED_OBJC_IMPLEMENTATIONS = YES;
				CLANG_WARN_DIRECT_OBJC_ISA_USAGE = YES_ERROR;
				CLANG_WARN_DOCUMENTATION_COMMENTS = YES;
				CLANG_WARN_EMPTY_BODY = YES;
				CLANG_WARN_ENUM_CONVERSION = YES;
				CLANG_WARN_INFINITE_RECURSION = YES;
				CLANG_WARN_INT_CONVERSION = YES;
				CLANG_WARN_NON_LITERAL_NULL_CONVERSION = YES;
				CLANG_WARN_OBJC_IMPLICIT_RETAIN_SELF = YES;
				CLANG_WARN_OBJC_LITERAL_CONVERSION = YES;
				CLANG_WARN_OBJC_ROOT_CLASS = YES_ERROR;
				CLANG_WARN_RANGE_LOOP_ANALYSIS = YES;
				CLANG_WARN_STRICT_PROTOTYPES = YES;
				CLANG_WARN_SUSPICIOUS_MOVE = YES;
				CLANG_WARN_UNGUARDED_AVAILABILITY = YES_AGGRESSIVE;
				CLANG_WARN_UNREACHABLE_CODE = YES;
				CLANG_WARN__DUPLICATE_METHOD_MATCH = YES;
				COPY_PHASE_STRIP = NO;
				DEBUG_INFORMATION_FORMAT = "dwarf-with-dsym";
				ENABLE_NS_ASSERTIONS = NO;
				ENABLE_STRICT_OBJC_MSGSEND = YES;
				GCC_C_LANGUAGE_STANDARD = gnu11;
				GCC_NO_COMMON_BLOCKS = YES;
				GCC_WARN_64_TO_32_BIT_CONVERSION = YES;
				GCC_WARN_ABOUT_RETURN_TYPE = YES_ERROR;
				GCC_WARN_UNDECLARED_SELECTOR = YES;
				GCC_WARN_UNINITIALIZED_AUTOS = YES_AGGRESSIVE;
				GCC_WARN_UNUSED_FUNCTION = YES;
				GCC_WARN_UNUSED_VARIABLE = YES;
				MACOSX_DEPLOYMENT_TARGET = 10.15;
				MTL_ENABLE_DEBUG_INFO = NO;
				MTL_FAST_MATH = YES;
				SDKROOT = macosx;
			};
			name = Release;
		};
		9F61FF4C2438CC2100FF3151 /* Debug */ = {
			isa = XCBuildConfiguration;
			buildSettings = {
				CODE_SIGN_STYLE = Automatic;
				DEVELOPMENT_TEAM = F7PY3U9YBP;
				ENABLE_HARDENED_RUNTIME = YES;
				PRODUCT_NAME = "$(TARGET_NAME)";
			};
			name = Debug;
		};
		9F61FF4D2438CC2100FF3151 /* Release */ = {
			isa = XCBuildConfiguration;
			buildSettings = {
				CODE_SIGN_STYLE = Automatic;
				DEVELOPMENT_TEAM = F7PY3U9YBP;
				ENABLE_HARDENED_RUNTIME = YES;
				PRODUCT_NAME = "$(TARGET_NAME)";
			};
			name = Release;
		};
/* End XCBuildConfiguration section */

/* Begin XCConfigurationList section */
		9F61FF3F2438CC2100FF3151 /* Build configuration list for PBXProject "CodePrac" */ = {
			isa = XCConfigurationList;
			buildConfigurations = (
				9F61FF492438CC2100FF3151 /* Debug */,
				9F61FF4A2438CC2100FF3151 /* Release */,
			);
			defaultConfigurationIsVisible = 0;
			defaultConfigurationName = Release;
		};
		9F61FF4B2438CC2100FF3151 /* Build configuration list for PBXNativeTarget "CodePrac" */ = {
			isa = XCConfigurationList;
			buildConfigurations = (
				9F61FF4C2438CC2100FF3151 /* Debug */,
				9F61FF4D2438CC2100FF3151 /* Release */,
			);
			defaultConfigurationIsVisible = 0;
			defaultConfigurationName = Release;
		};
/* End XCConfigurationList section */
	};
	rootObject = 9F61FF3C2438CC2100FF3151 /* Project object */;
}
