// !$*UTF8*$!
{
	archiveVersion = 1;
	classes = {
	};
	objectVersion = 50;
	objects = {

/* Begin PBXBuildFile section */
		9F61FF482438CC2100FF3151 /* ispalindrome.cpp in Sources */ = {isa = PBXBuildFile; fileRef = 9F61FF472438CC2100FF3151 /* ispalindrome.cpp */; };
		9F61FF502438D10300FF3151 /* sumof2.cpp in Sources */ = {isa = PBXBuildFile; fileRef = 9F61FF4E2438D10300FF3151 /* sumof2.cpp */; };
		9F8D4209243B85E200571408 /* longestnorepeat.cpp in Sources */ = {isa = PBXBuildFile; fileRef = 9F8D4208243B85E200571408 /* longestnorepeat.cpp */; };
		9FB24B9D243CB1D70060AB80 /* maxrectangle.cpp in Sources */ = {isa = PBXBuildFile; fileRef = 9FB24B9C243CB1D70060AB80 /* maxrectangle.cpp */; };
		9FB24B9F243CBBA90060AB80 /* permutation.cpp in Sources */ = {isa = PBXBuildFile; fileRef = 9FB24B9E243CBBA90060AB80 /* permutation.cpp */; };
/* End PBXBuildFile section */

/* Begin PBXCopyFilesBuildPhase section */
		9F61FF422438CC2100FF3151 /* CopyFiles */ = {
			isa = PBXCopyFilesBuildPhase;
			buildActionMask = 2147483647;
			dstPath = /usr/share/man/man1/;
			dstSubfolderSpec = 0;
			files = (
			);
			runOnlyForDeploymentPostprocessing = 1;
		};
/* End PBXCopyFilesBuildPhase section */

/* Begin PBXFileReference section */
		9F61FF442438CC2100FF3151 /* leetcodeprac */ = {isa = PBXFileReference; explicitFileType = "compiled.mach-o.executable"; includeInIndex = 0; path = leetcodeprac; sourceTree = BUILT_PRODUCTS_DIR; };
		9F61FF472438CC2100FF3151 /* ispalindrome.cpp */ = {isa = PBXFileReference; lastKnownFileType = sourcecode.cpp.cpp; path = ispalindrome.cpp; sourceTree = "<group>"; };
		9F61FF4E2438D10300FF3151 /* sumof2.cpp */ = {isa = PBXFileReference; lastKnownFileType = sourcecode.cpp.cpp; path = sumof2.cpp; sourceTree = "<group>"; };
		9F8D4208243B85E200571408 /* longestnorepeat.cpp */ = {isa = PBXFileReference; lastKnownFileType = sourcecode.cpp.cpp; path = longestnorepeat.cpp; sourceTree = "<group>"; };
		9FB24B9C243CB1D70060AB80 /* maxrectangle.cpp */ = {isa = PBXFileReference; lastKnownFileType = sourcecode.cpp.cpp; path = maxrectangle.cpp; sourceTree = "<group>"; };
		9FB24B9E243CBBA90060AB80 /* permutation.cpp */ = {isa = PBXFileReference; lastKnownFileType = sourcecode.cpp.cpp; path = permutation.cpp; sourceTree = "<group>"; };
/* End PBXFileReference section */

/* Begin PBXFrameworksBuildPhase section */
		9F61FF412438CC2100FF3151 /* Frameworks */ = {
			isa = PBXFrameworksBuildPhase;
			buildActionMask = 2147483647;
			files = (
			);
			runOnlyForDeploymentPostprocessing = 0;
		};
/* End PBXFrameworksBuildPhase section */

/* Begin PBXGroup section */
		9F61FF3B2438CC2100FF3151 = {
			isa = PBXGroup;
			children = (
				9F61FF462438CC2100FF3151 /* leetcodeprac */,
				9F61FF452438CC2100FF3151 /* Products */,
			);
			sourceTree = "<group>";
		};
		9F61FF452438CC2100FF3151 /* Products */ = {
			isa = PBXGroup;
			children = (
				9F61FF442438CC2100FF3151 /* leetcodeprac */,
			);
			name = Products;
			sourceTree = "<group>";
		};
		9F61FF462438CC2100FF3151 /* leetcodeprac */ = {
			isa = PBXGroup;
			children = (
				9F61FF472438CC2100FF3151 /* ispalindrome.cpp */,
				9F61FF4E2438D10300FF3151 /* sumof2.cpp */,
				9F8D4208243B85E200571408 /* longestnorepeat.cpp */,
				9FB24B9C243CB1D70060AB80 /* maxrectangle.cpp */,
				9FB24B9E243CBBA90060AB80 /* permutation.cpp */,
			);
			path = leetcodeprac;
			sourceTree = "<group>";
		};
/* End PBXGroup section */

/* Begin PBXNativeTarget section */
		9F61FF432438CC2100FF3151 /* leetcodeprac */ = {
			isa = PBXNativeTarget;
			buildConfigurationList = 9F61FF4B2438CC2100FF3151 /* Build configuration list for PBXNativeTarget "leetcodeprac" */;
			buildPhases = (
				9F61FF402438CC2100FF3151 /* Sources */,
				9F61FF412438CC2100FF3151 /* Frameworks */,
				9F61FF422438CC2100FF3151 /* CopyFiles */,
			);
			buildRules = (
			);
			dependencies = (
			);
			name = leetcodeprac;
			productName = leetcodeprac;
			productReference = 9F61FF442438CC2100FF3151 /* leetcodeprac */;
			productType = "com.apple.product-type.tool";
		};
/* End PBXNativeTarget section */

/* Begin PBXProject section */
		9F61FF3C2438CC2100FF3151 /* Project object */ = {
			isa = PBXProject;
			attributes = {
				LastUpgradeCheck = 1140;
				ORGANIZATIONNAME = "程荣鑫";
				TargetAttributes = {
					9F61FF432438CC2100FF3151 = {
						CreatedOnToolsVersion = 11.4;
					};
				};
			};
			buildConfigurationList = 9F61FF3F2438CC2100FF3151 /* Build configuration list for PBXProject "leetcodeprac" */;
			compatibilityVersion = "Xcode 9.3";
			developmentRegion = en;
			hasScannedForEncodings = 0;
			knownRegions = (
				en,
				Base,
			);
			mainGroup = 9F61FF3B2438CC2100FF3151;
			productRefGroup = 9F61FF452438CC2100FF3151 /* Products */;
			projectDirPath = "";
			projectRoot = "";
			targets = (
				9F61FF432438CC2100FF3151 /* leetcodeprac */,
			);
		};
/* End PBXProject section */

/* Begin PBXSourcesBuildPhase section */
		9F61FF402438CC2100FF3151 /* Sources */ = {
			isa = PBXSourcesBuildPhase;
			buildActionMask = 2147483647;
			files = (
				9FB24B9D243CB1D70060AB80 /* maxrectangle.cpp in Sources */,
				9FB24B9F243CBBA90060AB80 /* permutation.cpp in Sources */,
				9F61FF482438CC2100FF3151 /* ispalindrome.cpp in Sources */,
				9F61FF502438D10300FF3151 /* sumof2.cpp in Sources */,
				9F8D4209243B85E200571408 /* longestnorepeat.cpp in Sources */,
			);
			runOnlyForDeploymentPostprocessing = 0;
		};
/* End PBXSourcesBuildPhase section */

/* Begin XCBuildConfiguration section */
		9F61FF492438CC2100FF3151 /* Debug */ = {
			isa = XCBuildConfiguration;
			buildSettings = {
				ALWAYS_SEARCH_USER_PATHS = NO;
				CLANG_ANALYZER_NONNULL = YES;
				CLANG_ANALYZER_NUMBER_OBJECT_CONVERSION = YES_AGGRESSIVE;
				CLANG_CXX_LANGUAGE_STANDARD = "gnu++14";
				CLANG_CXX_LIBRARY = "libc++";
				CLANG_ENABLE_MODULES = YES;
				CLANG_ENABLE_OBJC_ARC = YES;
				CLANG_ENABLE_OBJC_WEAK = YES;
				CLANG_WARN_BLOCK_CAPTURE_AUTORELEASING = YES;
				CLANG_WARN_BOOL_CONVERSION = YES;
				CLANG_WARN_COMMA = YES;
				CLANG_WARN_CONSTANT_CONVERSION = YES;
				CLANG_WARN_DEPRECATED_OBJC_IMPLEMENTATIONS = YES;
				CLANG_WARN_DIRECT_OBJC_ISA_USAGE = YES_ERROR;
				CLANG_WARN_DOCUMENTATION_COMMENTS = YES;
				CLANG_WARN_EMPTY_BODY = YES;
				CLANG_WARN_ENUM_CONVERSION = YES;
				CLANG_WARN_INFINITE_RECURSION = YES;
				CLANG_WARN_INT_CONVERSION = YES;
				CLANG_WARN_NON_LITERAL_NULL_CONVERSION = YES;
				CLANG_WARN_OBJC_IMPLICIT_RETAIN_SELF = YES;
				CLANG_WARN_OBJC_LITERAL_CONVERSION = YES;
				CLANG_WARN_OBJC_ROOT_CLASS = YES_ERROR;
				CLANG_WARN_RANGE_LOOP_ANALYSIS = YES;
				CLANG_WARN_STRICT_PROTOTYPES = YES;
				CLANG_WARN_SUSPICIOUS_MOVE = YES;
				CLANG_WARN_UNGUARDED_AVAILABILITY = YES_AGGRESSIVE;
				CLANG_WARN_UNREACHABLE_CODE = YES;
				CLANG_WARN__DUPLICATE_METHOD_MATCH = YES;
				COPY_PHASE_STRIP = NO;
				DEBUG_INFORMATION_FORMAT = dwarf;
				ENABLE_STRICT_OBJC_MSGSEND = YES;
				ENABLE_TESTABILITY = YES;
				GCC_C_LANGUAGE_STANDARD = gnu11;
				GCC_DYNAMIC_NO_PIC = NO;
				GCC_NO_COMMON_BLOCKS = YES;
				GCC_OPTIMIZATION_LEVEL = 0;
				GCC_PREPROCESSOR_DEFINITIONS = (
					"DEBUG=1",
					"$(inherited)",
				);
				GCC_WARN_64_TO_32_BIT_CONVERSION = YES;
				GCC_WARN_ABOUT_RETURN_TYPE = YES_ERROR;
				GCC_WARN_UNDECLARED_SELECTOR = YES;
				GCC_WARN_UNINITIALIZED_AUTOS = YES_AGGRESSIVE;
				GCC_WARN_UNUSED_FUNCTION = YES;
				GCC_WARN_UNUSED_VARIABLE = YES;
				MACOSX_DEPLOYMENT_TARGET = 10.15;
				MTL_ENABLE_DEBUG_INFO = INCLUDE_SOURCE;
				MTL_FAST_MATH = YES;
				ONLY_ACTIVE_ARCH = YES;
				SDKROOT = macosx;
			};
			name = Debug;
		};
		9F61FF4A2438CC2100FF3151 /* Release */ = {
			isa = XCBuildConfiguration;
			buildSettings = {
				ALWAYS_SEARCH_USER_PATHS = NO;
				CLANG_ANALYZER_NONNULL = YES;
				CLANG_ANALYZER_NUMBER_OBJECT_CONVERSION = YES_AGGRESSIVE;
				CLANG_CXX_LANGUAGE_STANDARD = "gnu++14";
				CLANG_CXX_LIBRARY = "libc++";
				CLANG_ENABLE_MODULES = YES;
				CLANG_ENABLE_OBJC_ARC = YES;
				CLANG_ENABLE_OBJC_WEAK = YES;
				CLANG_WARN_BLOCK_CAPTURE_AUTORELEASING = YES;
				CLANG_WARN_BOOL_CONVERSION = YES;
				CLANG_WARN_COMMA = YES;
				CLANG_WARN_CONSTANT_CONVERSION = YES;
				CLANG_WARN_DEPRECATED_OBJC_IMPLEMENTATIONS = YES;
				CLANG_WARN_DIRECT_OBJC_ISA_USAGE = YES_ERROR;
				CLANG_WARN_DOCUMENTATION_COMMENTS = YES;
				CLANG_WARN_EMPTY_BODY = YES;
				CLANG_WARN_ENUM_CONVERSION = YES;
				CLANG_WARN_INFINITE_RECURSION = YES;
				CLANG_WARN_INT_CONVERSION = YES;
				CLANG_WARN_NON_LITERAL_NULL_CONVERSION = YES;
				CLANG_WARN_OBJC_IMPLICIT_RETAIN_SELF = YES;
				CLANG_WARN_OBJC_LITERAL_CONVERSION = YES;
				CLANG_WARN_OBJC_ROOT_CLASS = YES_ERROR;
				CLANG_WARN_RANGE_LOOP_ANALYSIS = YES;
				CLANG_WARN_STRICT_PROTOTYPES = YES;
				CLANG_WARN_SUSPICIOUS_MOVE = YES;
				CLANG_WARN_UNGUARDED_AVAILABILITY = YES_AGGRESSIVE;
				CLANG_WARN_UNREACHABLE_CODE = YES;
				CLANG_WARN__DUPLICATE_METHOD_MATCH = YES;
				COPY_PHASE_STRIP = NO;
				DEBUG_INFORMATION_FORMAT = "dwarf-with-dsym";
				ENABLE_NS_ASSERTIONS = NO;
				ENABLE_STRICT_OBJC_MSGSEND = YES;
				GCC_C_LANGUAGE_STANDARD = gnu11;
				GCC_NO_COMMON_BLOCKS = YES;
				GCC_WARN_64_TO_32_BIT_CONVERSION = YES;
				GCC_WARN_ABOUT_RETURN_TYPE = YES_ERROR;
				GCC_WARN_UNDECLARED_SELECTOR = YES;
				GCC_WARN_UNINITIALIZED_AUTOS = YES_AGGRESSIVE;
				GCC_WARN_UNUSED_FUNCTION = YES;
				GCC_WARN_UNUSED_VARIABLE = YES;
				MACOSX_DEPLOYMENT_TARGET = 10.15;
				MTL_ENABLE_DEBUG_INFO = NO;
				MTL_FAST_MATH = YES;
				SDKROOT = macosx;
			};
			name = Release;
		};
		9F61FF4C2438CC2100FF3151 /* Debug */ = {
			isa = XCBuildConfiguration;
			buildSettings = {
				CODE_SIGN_STYLE = Automatic;
				DEVELOPMENT_TEAM = F7PY3U9YBP;
				ENABLE_HARDENED_RUNTIME = YES;
				PRODUCT_NAME = "$(TARGET_NAME)";
			};
			name = Debug;
		};
		9F61FF4D2438CC2100FF3151 /* Release */ = {
			isa = XCBuildConfiguration;
			buildSettings = {
				CODE_SIGN_STYLE = Automatic;
				DEVELOPMENT_TEAM = F7PY3U9YBP;
				ENABLE_HARDENED_RUNTIME = YES;
				PRODUCT_NAME = "$(TARGET_NAME)";
			};
			name = Release;
		};
/* End XCBuildConfiguration section */

/* Begin XCConfigurationList section */
		9F61FF3F2438CC2100FF3151 /* Build configuration list for PBXProject "leetcodeprac" */ = {
			isa = XCConfigurationList;
			buildConfigurations = (
				9F61FF492438CC2100FF3151 /* Debug */,
				9F61FF4A2438CC2100FF3151 /* Release */,
			);
			defaultConfigurationIsVisible = 0;
			defaultConfigurationName = Release;
		};
		9F61FF4B2438CC2100FF3151 /* Build configuration list for PBXNativeTarget "leetcodeprac" */ = {
			isa = XCConfigurationList;
			buildConfigurations = (
				9F61FF4C2438CC2100FF3151 /* Debug */,
				9F61FF4D2438CC2100FF3151 /* Release */,
			);
			defaultConfigurationIsVisible = 0;
			defaultConfigurationName = Release;
		};
/* End XCConfigurationList section */
	};
	rootObject = 9F61FF3C2438CC2100FF3151 /* Project object */;
}
